
Microsoft Visual Studio Solution File, Format Version 12.00
# Visual Studio Version 17
VisualStudioVersion = 17.1.32407.343
MinimumVisualStudioVersion = 10.0.40219.1
Project("{9A19103F-16F7-4668-BE54-9A1E7A4F7556}") = "labs_rksp", "labs_rksp\labs_rksp.csproj", "{6AC4D1C0-D99D-494B-9A23-6B17C36A39BB}"
EndProject
Project("{9A19103F-16F7-4668-BE54-9A1E7A4F7556}") = "BlazorApp1", "BlazorApp1\BlazorApp1.csproj", "{1E8BAAB8-55EF-4F91-838E-D73D8FBDB37F}"
EndProject
Global
	GlobalSection(SolutionConfigurationPlatforms) = preSolution
		Debug|Any CPU = Debug|Any CPU
		Release|Any CPU = Release|Any CPU
	EndGlobalSection
	GlobalSection(ProjectConfigurationPlatforms) = postSolution
		{6AC4D1C0-D99D-494B-9A23-6B17C36A39BB}.Debug|Any CPU.ActiveCfg = Debug|Any CPU
		{6AC4D1C0-D99D-494B-9A23-6B17C36A39BB}.Debug|Any CPU.Build.0 = Debug|Any CPU
		{6AC4D1C0-D99D-494B-9A23-6B17C36A39BB}.Release|Any CPU.ActiveCfg = Release|Any CPU
		{6AC4D1C0-D99D-494B-9A23-6B17C36A39BB}.Release|Any CPU.Build.0 = Release|Any CPU
		{1E8BAAB8-55EF-4F91-838E-D73D8FBDB37F}.Debug|Any CPU.ActiveCfg = Debug|Any CPU
		{1E8BAAB8-55EF-4F91-838E-D73D8FBDB37F}.Debug|Any CPU.Build.0 = Debug|Any CPU
		{1E8BAAB8-55EF-4F91-838E-D73D8FBDB37F}.Release|Any CPU.ActiveCfg = Release|Any CPU
		{1E8BAAB8-55EF-4F91-838E-D73D8FBDB37F}.Release|Any CPU.Build.0 = Release|Any CPU
	EndGlobalSection
	GlobalSection(SolutionProperties) = preSolution
		HideSolutionNode = FALSE
	EndGlobalSection
	GlobalSection(ExtensibilityGlobals) = postSolution
		SolutionGuid = {1097E263-AD23-4F77-BF04-1449E2505C1E}
	EndGlobalSection
EndGlobal
